
Microsoft Visual Studio Solution File, Format Version 12.00
# Visual Studio Version 16
VisualStudioVersion = 16.0.32407.337
MinimumVisualStudioVersion = 10.0.40219.1
Project("{FAE04EC0-301F-11D3-BF4B-00C04F79EFBC}") = "MarketingWeight", "MarketingWeight.csproj", "{36685D5A-C5D6-4E03-BDF5-868C61B6AC3F}"
EndProject
Global
	GlobalSection(SolutionConfigurationPlatforms) = preSolution
		Debug|Any CPU = Debug|Any CPU
		Release|Any CPU = Release|Any CPU
	EndGlobalSection
	GlobalSection(ProjectConfigurationPlatforms) = postSolution
		{36685D5A-C5D6-4E03-BDF5-868C61B6AC3F}.Debug|Any CPU.ActiveCfg = Debug|Any CPU
		{36685D5A-C5D6-4E03-BDF5-868C61B6AC3F}.Debug|Any CPU.Build.0 = Debug|Any CPU
		{36685D5A-C5D6-4E03-BDF5-868C61B6AC3F}.Release|Any CPU.ActiveCfg = Release|Any CPU
		{36685D5A-C5D6-4E03-BDF5-868C61B6AC3F}.Release|Any CPU.Build.0 = Release|Any CPU
	EndGlobalSection
	GlobalSection(SolutionProperties) = preSolution
		HideSolutionNode = FALSE
	EndGlobalSection
	GlobalSection(ExtensibilityGlobals) = postSolution
		SolutionGuid = {0C824EEC-F30E-4C2D-B319-D469BFC4EA39}
	EndGlobalSection
EndGlobal
